
Microsoft Visual Studio Solution File, Format Version 12.00
# Visual Studio 2013
VisualStudioVersion = 12.0.31101.0
MinimumVisualStudioVersion = 10.0.40219.1
Project("{FAE04EC0-301F-11D3-BF4B-00C04F79EFBC}") = "WebViewSample", "WebViewSample\WebViewSample\WebViewSample.csproj", "{A7EE6BA1-24F4-4A68-A392-CF4BCDF5192E}"
EndProject
Project("{FAE04EC0-301F-11D3-BF4B-00C04F79EFBC}") = "WebViewSample.iOS", "WebViewSample\WebViewSample.iOS\WebViewSample.iOS.csproj", "{F21B3EDF-0A85-4E20-8B84-17C6C8EE89DB}"
EndProject
Project("{FAE04EC0-301F-11D3-BF4B-00C04F79EFBC}") = "WebViewSample.Droid", "WebViewSample\WebViewSample.Droid\WebViewSample.Droid.csproj", "{669A0105-8B5B-4AE8-8416-AC11FB2368A9}"
EndProject
Project("{FAE04EC0-301F-11D3-BF4B-00C04F79EFBC}") = "WebViewSample.WinPhone", "WebViewSample\WebViewSample.WinPhone\WebViewSample.WinPhone.csproj", "{06958E95-6773-46A7-A6DD-7BE64519A872}"
EndProject
Global
	GlobalSection(SolutionConfigurationPlatforms) = preSolution
		Ad-Hoc|Any CPU = Ad-Hoc|Any CPU
		Ad-Hoc|ARM = Ad-Hoc|ARM
		Ad-Hoc|iPhone = Ad-Hoc|iPhone
		Ad-Hoc|iPhoneSimulator = Ad-Hoc|iPhoneSimulator
		Ad-Hoc|Mixed Platforms = Ad-Hoc|Mixed Platforms
		Ad-Hoc|x86 = Ad-Hoc|x86
		AppStore|Any CPU = AppStore|Any CPU
		AppStore|ARM = AppStore|ARM
		AppStore|iPhone = AppStore|iPhone
		AppStore|iPhoneSimulator = AppStore|iPhoneSimulator
		AppStore|Mixed Platforms = AppStore|Mixed Platforms
		AppStore|x86 = AppStore|x86
		Debug|Any CPU = Debug|Any CPU
		Debug|ARM = Debug|ARM
		Debug|iPhone = Debug|iPhone
		Debug|iPhoneSimulator = Debug|iPhoneSimulator
		Debug|Mixed Platforms = Debug|Mixed Platforms
		Debug|x86 = Debug|x86
		Release|Any CPU = Release|Any CPU
		Release|ARM = Release|ARM
		Release|iPhone = Release|iPhone
		Release|iPhoneSimulator = Release|iPhoneSimulator
		Release|Mixed Platforms = Release|Mixed Platforms
		Release|x86 = Release|x86
	EndGlobalSection
	GlobalSection(ProjectConfigurationPlatforms) = postSolution
		{A7EE6BA1-24F4-4A68-A392-CF4BCDF5192E}.Ad-Hoc|Any CPU.ActiveCfg = Release|Any CPU
		{A7EE6BA1-24F4-4A68-A392-CF4BCDF5192E}.Ad-Hoc|Any CPU.Build.0 = Release|Any CPU
		{A7EE6BA1-24F4-4A68-A392-CF4BCDF5192E}.Ad-Hoc|ARM.ActiveCfg = Release|Any CPU
		{A7EE6BA1-24F4-4A68-A392-CF4BCDF5192E}.Ad-Hoc|iPhone.ActiveCfg = Release|Any CPU
		{A7EE6BA1-24F4-4A68-A392-CF4BCDF5192E}.Ad-Hoc|iPhoneSimulator.ActiveCfg = Release|Any CPU
		{A7EE6BA1-24F4-4A68-A392-CF4BCDF5192E}.Ad-Hoc|Mixed Platforms.ActiveCfg = Release|Any CPU
		{A7EE6BA1-24F4-4A68-A392-CF4BCDF5192E}.Ad-Hoc|Mixed Platforms.Build.0 = Release|Any CPU
		{A7EE6BA1-24F4-4A68-A392-CF4BCDF5192E}.Ad-Hoc|x86.ActiveCfg = Release|Any CPU
		{A7EE6BA1-24F4-4A68-A392-CF4BCDF5192E}.AppStore|Any CPU.ActiveCfg = Release|Any CPU
		{A7EE6BA1-24F4-4A68-A392-CF4BCDF5192E}.AppStore|Any CPU.Build.0 = Release|Any CPU
		{A7EE6BA1-24F4-4A68-A392-CF4BCDF5192E}.AppStore|ARM.ActiveCfg = Release|Any CPU
		{A7EE6BA1-24F4-4A68-A392-CF4BCDF5192E}.AppStore|iPhone.ActiveCfg = Release|Any CPU
		{A7EE6BA1-24F4-4A68-A392-CF4BCDF5192E}.AppStore|iPhoneSimulator.ActiveCfg = Release|Any CPU
		{A7EE6BA1-24F4-4A68-A392-CF4BCDF5192E}.AppStore|Mixed Platforms.ActiveCfg = Release|Any CPU
		{A7EE6BA1-24F4-4A68-A392-CF4BCDF5192E}.AppStore|Mixed Platforms.Build.0 = Release|Any CPU
		{A7EE6BA1-24F4-4A68-A392-CF4BCDF5192E}.AppStore|x86.ActiveCfg = Release|Any CPU
		{A7EE6BA1-24F4-4A68-A392-CF4BCDF5192E}.Debug|Any CPU.ActiveCfg = Debug|Any CPU
		{A7EE6BA1-24F4-4A68-A392-CF4BCDF5192E}.Debug|Any CPU.Build.0 = Debug|Any CPU
		{A7EE6BA1-24F4-4A68-A392-CF4BCDF5192E}.Debug|ARM.ActiveCfg = Debug|Any CPU
		{A7EE6BA1-24F4-4A68-A392-CF4BCDF5192E}.Debug|iPhone.ActiveCfg = Debug|Any CPU
		{A7EE6BA1-24F4-4A68-A392-CF4BCDF5192E}.Debug|iPhone.Build.0 = Debug|Any CPU
		{A7EE6BA1-24F4-4A68-A392-CF4BCDF5192E}.Debug|iPhoneSimulator.ActiveCfg = Debug|Any CPU
		{A7EE6BA1-24F4-4A68-A392-CF4BCDF5192E}.Debug|iPhoneSimulator.Build.0 = Debug|Any CPU
		{A7EE6BA1-24F4-4A68-A392-CF4BCDF5192E}.Debug|Mixed Platforms.ActiveCfg = Debug|Any CPU
		{A7EE6BA1-24F4-4A68-A392-CF4BCDF5192E}.Debug|Mixed Platforms.Build.0 = Debug|Any CPU
		{A7EE6BA1-24F4-4A68-A392-CF4BCDF5192E}.Debug|x86.ActiveCfg = Debug|Any CPU
		{A7EE6BA1-24F4-4A68-A392-CF4BCDF5192E}.Release|Any CPU.ActiveCfg = Release|Any CPU
		{A7EE6BA1-24F4-4A68-A392-CF4BCDF5192E}.Release|Any CPU.Build.0 = Release|Any CPU
		{A7EE6BA1-24F4-4A68-A392-CF4BCDF5192E}.Release|ARM.ActiveCfg = Release|Any CPU
		{A7EE6BA1-24F4-4A68-A392-CF4BCDF5192E}.Release|iPhone.ActiveCfg = Release|Any CPU
		{A7EE6BA1-24F4-4A68-A392-CF4BCDF5192E}.Release|iPhone.Build.0 = Release|Any CPU
		{A7EE6BA1-24F4-4A68-A392-CF4BCDF5192E}.Release|iPhoneSimulator.ActiveCfg = Release|Any CPU
		{A7EE6BA1-24F4-4A68-A392-CF4BCDF5192E}.Release|iPhoneSimulator.Build.0 = Release|Any CPU
		{A7EE6BA1-24F4-4A68-A392-CF4BCDF5192E}.Release|Mixed Platforms.ActiveCfg = Release|Any CPU
		{A7EE6BA1-24F4-4A68-A392-CF4BCDF5192E}.Release|Mixed Platforms.Build.0 = Release|Any CPU
		{A7EE6BA1-24F4-4A68-A392-CF4BCDF5192E}.Release|x86.ActiveCfg = Release|Any CPU
		{F21B3EDF-0A85-4E20-8B84-17C6C8EE89DB}.Ad-Hoc|Any CPU.ActiveCfg = Ad-Hoc|iPhone
		{F21B3EDF-0A85-4E20-8B84-17C6C8EE89DB}.Ad-Hoc|ARM.ActiveCfg = Ad-Hoc|iPhone
		{F21B3EDF-0A85-4E20-8B84-17C6C8EE89DB}.Ad-Hoc|iPhone.ActiveCfg = Ad-Hoc|iPhone
		{F21B3EDF-0A85-4E20-8B84-17C6C8EE89DB}.Ad-Hoc|iPhone.Build.0 = Ad-Hoc|iPhone
		{F21B3EDF-0A85-4E20-8B84-17C6C8EE89DB}.Ad-Hoc|iPhoneSimulator.ActiveCfg = Ad-Hoc|iPhoneSimulator
		{F21B3EDF-0A85-4E20-8B84-17C6C8EE89DB}.Ad-Hoc|iPhoneSimulator.Build.0 = Ad-Hoc|iPhoneSimulator
		{F21B3EDF-0A85-4E20-8B84-17C6C8EE89DB}.Ad-Hoc|Mixed Platforms.ActiveCfg = Ad-Hoc|iPhone
		{F21B3EDF-0A85-4E20-8B84-17C6C8EE89DB}.Ad-Hoc|Mixed Platforms.Build.0 = Ad-Hoc|iPhone
		{F21B3EDF-0A85-4E20-8B84-17C6C8EE89DB}.Ad-Hoc|x86.ActiveCfg = Ad-Hoc|iPhone
		{F21B3EDF-0A85-4E20-8B84-17C6C8EE89DB}.AppStore|Any CPU.ActiveCfg = AppStore|iPhone
		{F21B3EDF-0A85-4E20-8B84-17C6C8EE89DB}.AppStore|ARM.ActiveCfg = AppStore|iPhone
		{F21B3EDF-0A85-4E20-8B84-17C6C8EE89DB}.AppStore|iPhone.ActiveCfg = AppStore|iPhone
		{F21B3EDF-0A85-4E20-8B84-17C6C8EE89DB}.AppStore|iPhone.Build.0 = AppStore|iPhone
		{F21B3EDF-0A85-4E20-8B84-17C6C8EE89DB}.AppStore|iPhoneSimulator.ActiveCfg = AppStore|iPhoneSimulator
		{F21B3EDF-0A85-4E20-8B84-17C6C8EE89DB}.AppStore|iPhoneSimulator.Build.0 = AppStore|iPhoneSimulator
		{F21B3EDF-0A85-4E20-8B84-17C6C8EE89DB}.AppStore|Mixed Platforms.ActiveCfg = AppStore|iPhone
		{F21B3EDF-0A85-4E20-8B84-17C6C8EE89DB}.AppStore|Mixed Platforms.Build.0 = AppStore|iPhone
		{F21B3EDF-0A85-4E20-8B84-17C6C8EE89DB}.AppStore|x86.ActiveCfg = AppStore|iPhone
		{F21B3EDF-0A85-4E20-8B84-17C6C8EE89DB}.Debug|Any CPU.ActiveCfg = Debug|iPhoneSimulator
		{F21B3EDF-0A85-4E20-8B84-17C6C8EE89DB}.Debug|Any CPU.Build.0 = Debug|iPhoneSimulator
		{F21B3EDF-0A85-4E20-8B84-17C6C8EE89DB}.Debug|ARM.ActiveCfg = Debug|iPhone
		{F21B3EDF-0A85-4E20-8B84-17C6C8EE89DB}.Debug|iPhone.ActiveCfg = Debug|iPhoneSimulator
		{F21B3EDF-0A85-4E20-8B84-17C6C8EE89DB}.Debug|iPhone.Build.0 = Debug|iPhoneSimulator
		{F21B3EDF-0A85-4E20-8B84-17C6C8EE89DB}.Debug|iPhoneSimulator.ActiveCfg = Debug|iPhoneSimulator
		{F21B3EDF-0A85-4E20-8B84-17C6C8EE89DB}.Debug|iPhoneSimulator.Build.0 = Debug|iPhoneSimulator
		{F21B3EDF-0A85-4E20-8B84-17C6C8EE89DB}.Debug|Mixed Platforms.ActiveCfg = Debug|iPhone
		{F21B3EDF-0A85-4E20-8B84-17C6C8EE89DB}.Debug|Mixed Platforms.Build.0 = Debug|iPhone
		{F21B3EDF-0A85-4E20-8B84-17C6C8EE89DB}.Debug|x86.ActiveCfg = Debug|iPhone
		{F21B3EDF-0A85-4E20-8B84-17C6C8EE89DB}.Release|Any CPU.ActiveCfg = Release|iPhone
		{F21B3EDF-0A85-4E20-8B84-17C6C8EE89DB}.Release|ARM.ActiveCfg = Release|iPhone
		{F21B3EDF-0A85-4E20-8B84-17C6C8EE89DB}.Release|iPhone.ActiveCfg = Release|iPhone
		{F21B3EDF-0A85-4E20-8B84-17C6C8EE89DB}.Release|iPhone.Build.0 = Release|iPhone
		{F21B3EDF-0A85-4E20-8B84-17C6C8EE89DB}.Release|iPhoneSimulator.ActiveCfg = Release|iPhone
		{F21B3EDF-0A85-4E20-8B84-17C6C8EE89DB}.Release|iPhoneSimulator.Build.0 = Release|iPhone
		{F21B3EDF-0A85-4E20-8B84-17C6C8EE89DB}.Release|Mixed Platforms.ActiveCfg = Release|iPhone
		{F21B3EDF-0A85-4E20-8B84-17C6C8EE89DB}.Release|Mixed Platforms.Build.0 = Release|iPhone
		{F21B3EDF-0A85-4E20-8B84-17C6C8EE89DB}.Release|x86.ActiveCfg = Release|iPhone
		{669A0105-8B5B-4AE8-8416-AC11FB2368A9}.Ad-Hoc|Any CPU.ActiveCfg = Release|Any CPU
		{669A0105-8B5B-4AE8-8416-AC11FB2368A9}.Ad-Hoc|Any CPU.Build.0 = Release|Any CPU
		{669A0105-8B5B-4AE8-8416-AC11FB2368A9}.Ad-Hoc|Any CPU.Deploy.0 = Release|Any CPU
		{669A0105-8B5B-4AE8-8416-AC11FB2368A9}.Ad-Hoc|ARM.ActiveCfg = Release|Any CPU
		{669A0105-8B5B-4AE8-8416-AC11FB2368A9}.Ad-Hoc|iPhone.ActiveCfg = Release|Any CPU
		{669A0105-8B5B-4AE8-8416-AC11FB2368A9}.Ad-Hoc|iPhoneSimulator.ActiveCfg = Release|Any CPU
		{669A0105-8B5B-4AE8-8416-AC11FB2368A9}.Ad-Hoc|Mixed Platforms.ActiveCfg = Release|Any CPU
		{669A0105-8B5B-4AE8-8416-AC11FB2368A9}.Ad-Hoc|Mixed Platforms.Build.0 = Release|Any CPU
		{669A0105-8B5B-4AE8-8416-AC11FB2368A9}.Ad-Hoc|Mixed Platforms.Deploy.0 = Release|Any CPU
		{669A0105-8B5B-4AE8-8416-AC11FB2368A9}.Ad-Hoc|x86.ActiveCfg = Release|Any CPU
		{669A0105-8B5B-4AE8-8416-AC11FB2368A9}.AppStore|Any CPU.ActiveCfg = Release|Any CPU
		{669A0105-8B5B-4AE8-8416-AC11FB2368A9}.AppStore|Any CPU.Build.0 = Release|Any CPU
		{669A0105-8B5B-4AE8-8416-AC11FB2368A9}.AppStore|Any CPU.Deploy.0 = Release|Any CPU
		{669A0105-8B5B-4AE8-8416-AC11FB2368A9}.AppStore|ARM.ActiveCfg = Release|Any CPU
		{669A0105-8B5B-4AE8-8416-AC11FB2368A9}.AppStore|iPhone.ActiveCfg = Release|Any CPU
		{669A0105-8B5B-4AE8-8416-AC11FB2368A9}.AppStore|iPhoneSimulator.ActiveCfg = Release|Any CPU
		{669A0105-8B5B-4AE8-8416-AC11FB2368A9}.AppStore|Mixed Platforms.ActiveCfg = Release|Any CPU
		{669A0105-8B5B-4AE8-8416-AC11FB2368A9}.AppStore|Mixed Platforms.Build.0 = Release|Any CPU
		{669A0105-8B5B-4AE8-8416-AC11FB2368A9}.AppStore|Mixed Platforms.Deploy.0 = Release|Any CPU
		{669A0105-8B5B-4AE8-8416-AC11FB2368A9}.AppStore|x86.ActiveCfg = Release|Any CPU
		{669A0105-8B5B-4AE8-8416-AC11FB2368A9}.Debug|Any CPU.ActiveCfg = Debug|Any CPU
		{669A0105-8B5B-4AE8-8416-AC11FB2368A9}.Debug|Any CPU.Build.0 = Debug|Any CPU
		{669A0105-8B5B-4AE8-8416-AC11FB2368A9}.Debug|Any CPU.Deploy.0 = Debug|Any CPU
		{669A0105-8B5B-4AE8-8416-AC11FB2368A9}.Debug|ARM.ActiveCfg = Debug|Any CPU
		{669A0105-8B5B-4AE8-8416-AC11FB2368A9}.Debug|iPhone.ActiveCfg = Debug|Any CPU
		{669A0105-8B5B-4AE8-8416-AC11FB2368A9}.Debug|iPhone.Build.0 = Debug|Any CPU
		{669A0105-8B5B-4AE8-8416-AC11FB2368A9}.Debug|iPhoneSimulator.ActiveCfg = Debug|Any CPU
		{669A0105-8B5B-4AE8-8416-AC11FB2368A9}.Debug|iPhoneSimulator.Build.0 = Debug|Any CPU
		{669A0105-8B5B-4AE8-8416-AC11FB2368A9}.Debug|iPhoneSimulator.Deploy.0 = Debug|Any CPU
		{669A0105-8B5B-4AE8-8416-AC11FB2368A9}.Debug|Mixed Platforms.ActiveCfg = Debug|Any CPU
		{669A0105-8B5B-4AE8-8416-AC11FB2368A9}.Debug|Mixed Platforms.Build.0 = Debug|Any CPU
		{669A0105-8B5B-4AE8-8416-AC11FB2368A9}.Debug|Mixed Platforms.Deploy.0 = Debug|Any CPU
		{669A0105-8B5B-4AE8-8416-AC11FB2368A9}.Debug|x86.ActiveCfg = Debug|Any CPU
		{669A0105-8B5B-4AE8-8416-AC11FB2368A9}.Release|Any CPU.ActiveCfg = Release|Any CPU
		{669A0105-8B5B-4AE8-8416-AC11FB2368A9}.Release|Any CPU.Build.0 = Release|Any CPU
		{669A0105-8B5B-4AE8-8416-AC11FB2368A9}.Release|Any CPU.Deploy.0 = Release|Any CPU
		{669A0105-8B5B-4AE8-8416-AC11FB2368A9}.Release|ARM.ActiveCfg = Release|Any CPU
		{669A0105-8B5B-4AE8-8416-AC11FB2368A9}.Release|iPhone.ActiveCfg = Release|Any CPU
		{669A0105-8B5B-4AE8-8416-AC11FB2368A9}.Release|iPhoneSimulator.ActiveCfg = Release|Any CPU
		{669A0105-8B5B-4AE8-8416-AC11FB2368A9}.Release|iPhoneSimulator.Build.0 = Release|Any CPU
		{669A0105-8B5B-4AE8-8416-AC11FB2368A9}.Release|iPhoneSimulator.Deploy.0 = Release|Any CPU
		{669A0105-8B5B-4AE8-8416-AC11FB2368A9}.Release|Mixed Platforms.ActiveCfg = Release|Any CPU
		{669A0105-8B5B-4AE8-8416-AC11FB2368A9}.Release|Mixed Platforms.Build.0 = Release|Any CPU
		{669A0105-8B5B-4AE8-8416-AC11FB2368A9}.Release|Mixed Platforms.Deploy.0 = Release|Any CPU
		{669A0105-8B5B-4AE8-8416-AC11FB2368A9}.Release|x86.ActiveCfg = Release|Any CPU
		{06958E95-6773-46A7-A6DD-7BE64519A872}.Ad-Hoc|Any CPU.ActiveCfg = Release|Any CPU
		{06958E95-6773-46A7-A6DD-7BE64519A872}.Ad-Hoc|Any CPU.Build.0 = Release|Any CPU
		{06958E95-6773-46A7-A6DD-7BE64519A872}.Ad-Hoc|Any CPU.Deploy.0 = Release|Any CPU
		{06958E95-6773-46A7-A6DD-7BE64519A872}.Ad-Hoc|ARM.ActiveCfg = Release|ARM
		{06958E95-6773-46A7-A6DD-7BE64519A872}.Ad-Hoc|ARM.Build.0 = Release|ARM
		{06958E95-6773-46A7-A6DD-7BE64519A872}.Ad-Hoc|ARM.Deploy.0 = Release|ARM
		{06958E95-6773-46A7-A6DD-7BE64519A872}.Ad-Hoc|iPhone.ActiveCfg = Release|Any CPU
		{06958E95-6773-46A7-A6DD-7BE64519A872}.Ad-Hoc|iPhoneSimulator.ActiveCfg = Release|Any CPU
		{06958E95-6773-46A7-A6DD-7BE64519A872}.Ad-Hoc|Mixed Platforms.ActiveCfg = Release|x86
		{06958E95-6773-46A7-A6DD-7BE64519A872}.Ad-Hoc|Mixed Platforms.Build.0 = Release|x86
		{06958E95-6773-46A7-A6DD-7BE64519A872}.Ad-Hoc|Mixed Platforms.Deploy.0 = Release|x86
		{06958E95-6773-46A7-A6DD-7BE64519A872}.Ad-Hoc|x86.ActiveCfg = Release|x86
		{06958E95-6773-46A7-A6DD-7BE64519A872}.Ad-Hoc|x86.Build.0 = Release|x86
		{06958E95-6773-46A7-A6DD-7BE64519A872}.Ad-Hoc|x86.Deploy.0 = Release|x86
		{06958E95-6773-46A7-A6DD-7BE64519A872}.AppStore|Any CPU.ActiveCfg = Release|Any CPU
		{06958E95-6773-46A7-A6DD-7BE64519A872}.AppStore|Any CPU.Build.0 = Release|Any CPU
		{06958E95-6773-46A7-A6DD-7BE64519A872}.AppStore|Any CPU.Deploy.0 = Release|Any CPU
		{06958E95-6773-46A7-A6DD-7BE64519A872}.AppStore|ARM.ActiveCfg = Release|ARM
		{06958E95-6773-46A7-A6DD-7BE64519A872}.AppStore|ARM.Build.0 = Release|ARM
		{06958E95-6773-46A7-A6DD-7BE64519A872}.AppStore|ARM.Deploy.0 = Release|ARM
		{06958E95-6773-46A7-A6DD-7BE64519A872}.AppStore|iPhone.ActiveCfg = Release|Any CPU
		{06958E95-6773-46A7-A6DD-7BE64519A872}.AppStore|iPhoneSimulator.ActiveCfg = Release|Any CPU
		{06958E95-6773-46A7-A6DD-7BE64519A872}.AppStore|Mixed Platforms.ActiveCfg = Release|x86
		{06958E95-6773-46A7-A6DD-7BE64519A872}.AppStore|Mixed Platforms.Build.0 = Release|x86
		{06958E95-6773-46A7-A6DD-7BE64519A872}.AppStore|Mixed Platforms.Deploy.0 = Release|x86
		{06958E95-6773-46A7-A6DD-7BE64519A872}.AppStore|x86.ActiveCfg = Release|x86
		{06958E95-6773-46A7-A6DD-7BE64519A872}.AppStore|x86.Build.0 = Release|x86
		{06958E95-6773-46A7-A6DD-7BE64519A872}.AppStore|x86.Deploy.0 = Release|x86
		{06958E95-6773-46A7-A6DD-7BE64519A872}.Debug|Any CPU.ActiveCfg = Debug|Any CPU
		{06958E95-6773-46A7-A6DD-7BE64519A872}.Debug|Any CPU.Build.0 = Debug|Any CPU
		{06958E95-6773-46A7-A6DD-7BE64519A872}.Debug|Any CPU.Deploy.0 = Debug|Any CPU
		{06958E95-6773-46A7-A6DD-7BE64519A872}.Debug|ARM.ActiveCfg = Debug|ARM
		{06958E95-6773-46A7-A6DD-7BE64519A872}.Debug|ARM.Build.0 = Debug|ARM
		{06958E95-6773-46A7-A6DD-7BE64519A872}.Debug|ARM.Deploy.0 = Debug|ARM
		{06958E95-6773-46A7-A6DD-7BE64519A872}.Debug|iPhone.ActiveCfg = Debug|Any CPU
		{06958E95-6773-46A7-A6DD-7BE64519A872}.Debug|iPhone.Build.0 = Debug|Any CPU
		{06958E95-6773-46A7-A6DD-7BE64519A872}.Debug|iPhone.Deploy.0 = Debug|Any CPU
		{06958E95-6773-46A7-A6DD-7BE64519A872}.Debug|iPhoneSimulator.ActiveCfg = Debug|Any CPU
		{06958E95-6773-46A7-A6DD-7BE64519A872}.Debug|iPhoneSimulator.Build.0 = Debug|Any CPU
		{06958E95-6773-46A7-A6DD-7BE64519A872}.Debug|iPhoneSimulator.Deploy.0 = Debug|Any CPU
		{06958E95-6773-46A7-A6DD-7BE64519A872}.Debug|Mixed Platforms.ActiveCfg = Debug|x86
		{06958E95-6773-46A7-A6DD-7BE64519A872}.Debug|Mixed Platforms.Build.0 = Debug|x86
		{06958E95-6773-46A7-A6DD-7BE64519A872}.Debug|Mixed Platforms.Deploy.0 = Debug|x86
		{06958E95-6773-46A7-A6DD-7BE64519A872}.Debug|x86.ActiveCfg = Debug|x86
		{06958E95-6773-46A7-A6DD-7BE64519A872}.Debug|x86.Build.0 = Debug|x86
		{06958E95-6773-46A7-A6DD-7BE64519A872}.Debug|x86.Deploy.0 = Debug|x86
		{06958E95-6773-46A7-A6DD-7BE64519A872}.Release|Any CPU.ActiveCfg = Release|Any CPU
		{06958E95-6773-46A7-A6DD-7BE64519A872}.Release|Any CPU.Build.0 = Release|Any CPU
		{06958E95-6773-46A7-A6DD-7BE64519A872}.Release|Any CPU.Deploy.0 = Release|Any CPU
		{06958E95-6773-46A7-A6DD-7BE64519A872}.Release|ARM.ActiveCfg = Release|ARM
		{06958E95-6773-46A7-A6DD-7BE64519A872}.Release|ARM.Build.0 = Release|ARM
		{06958E95-6773-46A7-A6DD-7BE64519A872}.Release|ARM.Deploy.0 = Release|ARM
		{06958E95-6773-46A7-A6DD-7BE64519A872}.Release|iPhone.ActiveCfg = Release|Any CPU
		{06958E95-6773-46A7-A6DD-7BE64519A872}.Release|iPhoneSimulator.ActiveCfg = Release|Any CPU
		{06958E95-6773-46A7-A6DD-7BE64519A872}.Release|iPhoneSimulator.Build.0 = Release|Any CPU
		{06958E95-6773-46A7-A6DD-7BE64519A872}.Release|iPhoneSimulator.Deploy.0 = Release|Any CPU
		{06958E95-6773-46A7-A6DD-7BE64519A872}.Release|Mixed Platforms.ActiveCfg = Release|x86
		{06958E95-6773-46A7-A6DD-7BE64519A872}.Release|Mixed Platforms.Build.0 = Release|x86
		{06958E95-6773-46A7-A6DD-7BE64519A872}.Release|Mixed Platforms.Deploy.0 = Release|x86
		{06958E95-6773-46A7-A6DD-7BE64519A872}.Release|x86.ActiveCfg = Release|x86
		{06958E95-6773-46A7-A6DD-7BE64519A872}.Release|x86.Build.0 = Release|x86
		{06958E95-6773-46A7-A6DD-7BE64519A872}.Release|x86.Deploy.0 = Release|x86
	EndGlobalSection
	GlobalSection(SolutionProperties) = preSolution
		HideSolutionNode = FALSE
	EndGlobalSection
EndGlobal
